
Microsoft Visual Studio Solution File, Format Version 12.00
# Visual Studio 15
VisualStudioVersion = 15.0.28307.572
MinimumVisualStudioVersion = 10.0.40219.1
Project("{FAE04EC0-301F-11D3-BF4B-00C04F79EFBC}") = "Northwind.WebApi", "Northwind.WebApi\Northwind.WebApi.csproj", "{439C073C-9D0A-4F26-B1DD-027A9ADEF8EC}"
EndProject
Global
	GlobalSection(SolutionConfigurationPlatforms) = preSolution
		Debug|Any CPU = Debug|Any CPU
		Release|Any CPU = Release|Any CPU
	EndGlobalSection
	GlobalSection(ProjectConfigurationPlatforms) = postSolution
		{439C073C-9D0A-4F26-B1DD-027A9ADEF8EC}.Debug|Any CPU.ActiveCfg = Debug|Any CPU
		{439C073C-9D0A-4F26-B1DD-027A9ADEF8EC}.Debug|Any CPU.Build.0 = Debug|Any CPU
		{439C073C-9D0A-4F26-B1DD-027A9ADEF8EC}.Release|Any CPU.ActiveCfg = Release|Any CPU
		{439C073C-9D0A-4F26-B1DD-027A9ADEF8EC}.Release|Any CPU.Build.0 = Release|Any CPU
	EndGlobalSection
	GlobalSection(SolutionProperties) = preSolution
		HideSolutionNode = FALSE
	EndGlobalSection
	GlobalSection(ExtensibilityGlobals) = postSolution
		SolutionGuid = {42BCD18B-F517-4E1C-85D5-EEBB5DC6461A}
	EndGlobalSection
EndGlobal
